// !$*UTF8*$!
{
	archiveVersion = 1;
	classes = {
	};
	objectVersion = 51;
	objects = {

/* Begin PBXBuildFile section */
		652600F923B4C0C900CF0DF0 /* String.swift in Sources */ = {isa = PBXBuildFile; fileRef = 652600F823B4C0C900CF0DF0 /* String.swift */; };
		6566761323B486F80004FC4B /* Constants.swift in Sources */ = {isa = PBXBuildFile; fileRef = 6566761223B486F80004FC4B /* Constants.swift */; };
		6566761523B488920004FC4B /* BaseResponse.swift in Sources */ = {isa = PBXBuildFile; fileRef = 6566761423B488920004FC4B /* BaseResponse.swift */; };
		6566761723B489590004FC4B /* APICallError.swift in Sources */ = {isa = PBXBuildFile; fileRef = 6566761623B489590004FC4B /* APICallError.swift */; };
		6566761E23B49D200004FC4B /* UIViewController.swift in Sources */ = {isa = PBXBuildFile; fileRef = 6566761D23B49D200004FC4B /* UIViewController.swift */; };
		658BF75D23B47F16009C387C /* AppDelegate.swift in Sources */ = {isa = PBXBuildFile; fileRef = 658BF75C23B47F16009C387C /* AppDelegate.swift */; };
		658BF75F23B47F16009C387C /* SceneDelegate.swift in Sources */ = {isa = PBXBuildFile; fileRef = 658BF75E23B47F16009C387C /* SceneDelegate.swift */; };
		658BF76623B47F17009C387C /* Assets.xcassets in Resources */ = {isa = PBXBuildFile; fileRef = 658BF76523B47F17009C387C /* Assets.xcassets */; };
		658BF77823B47F7B009C387C /* LaunchScreen.storyboard in Resources */ = {isa = PBXBuildFile; fileRef = 658BF77123B47F7B009C387C /* LaunchScreen.storyboard */; };
		658BF77923B47F7B009C387C /* Main.storyboard in Resources */ = {isa = PBXBuildFile; fileRef = 658BF77323B47F7B009C387C /* Main.storyboard */; };
		658BF77E23B47FD2009C387C /* ListDataTableViewCell.swift in Sources */ = {isa = PBXBuildFile; fileRef = 658BF77C23B47FD2009C387C /* ListDataTableViewCell.swift */; };
		658BF77F23B47FD2009C387C /* ListDataTableViewCell.xib in Resources */ = {isa = PBXBuildFile; fileRef = 658BF77D23B47FD2009C387C /* ListDataTableViewCell.xib */; };
		658BF78223B4801D009C387C /* APIRouter.swift in Sources */ = {isa = PBXBuildFile; fileRef = 658BF78123B4801D009C387C /* APIRouter.swift */; };
		658BF78423B48028009C387C /* APIManager.swift in Sources */ = {isa = PBXBuildFile; fileRef = 658BF78323B48028009C387C /* APIManager.swift */; };
		658BF78823B481C7009C387C /* ListViewController.swift in Sources */ = {isa = PBXBuildFile; fileRef = 658BF78723B481C7009C387C /* ListViewController.swift */; };
		658BF78A23B482AB009C387C /* List.swift in Sources */ = {isa = PBXBuildFile; fileRef = 658BF78923B482AB009C387C /* List.swift */; };
		D7FE7B9B1E83EE1FC0F69340 /* Pods_Demo_List.framework in Frameworks */ = {isa = PBXBuildFile; fileRef = 5A5B7ADBE124B9710FE3CA5B /* Pods_Demo_List.framework */; };
/* End PBXBuildFile section */

/* Begin PBXFileReference section */
		4971C29FBE32C1AD46E078A4 /* Pods-Demo_List.release.xcconfig */ = {isa = PBXFileReference; includeInIndex = 1; lastKnownFileType = text.xcconfig; name = "Pods-Demo_List.release.xcconfig"; path = "Target Support Files/Pods-Demo_List/Pods-Demo_List.release.xcconfig"; sourceTree = "<group>"; };
		5A5B7ADBE124B9710FE3CA5B /* Pods_Demo_List.framework */ = {isa = PBXFileReference; explicitFileType = wrapper.framework; includeInIndex = 0; path = Pods_Demo_List.framework; sourceTree = BUILT_PRODUCTS_DIR; };
		652600F823B4C0C900CF0DF0 /* String.swift */ = {isa = PBXFileReference; lastKnownFileType = sourcecode.swift; path = String.swift; sourceTree = "<group>"; };
		6566761223B486F80004FC4B /* Constants.swift */ = {isa = PBXFileReference; lastKnownFileType = sourcecode.swift; path = Constants.swift; sourceTree = "<group>"; };
		6566761423B488920004FC4B /* BaseResponse.swift */ = {isa = PBXFileReference; lastKnownFileType = sourcecode.swift; path = BaseResponse.swift; sourceTree = "<group>"; };
		6566761623B489590004FC4B /* APICallError.swift */ = {isa = PBXFileReference; lastKnownFileType = sourcecode.swift; path = APICallError.swift; sourceTree = "<group>"; };
		6566761D23B49D200004FC4B /* UIViewController.swift */ = {isa = PBXFileReference; lastKnownFileType = sourcecode.swift; path = UIViewController.swift; sourceTree = "<group>"; };
		658BF75923B47F16009C387C /* Demo_List.app */ = {isa = PBXFileReference; explicitFileType = wrapper.application; includeInIndex = 0; path = Demo_List.app; sourceTree = BUILT_PRODUCTS_DIR; };
		658BF75C23B47F16009C387C /* AppDelegate.swift */ = {isa = PBXFileReference; lastKnownFileType = sourcecode.swift; path = AppDelegate.swift; sourceTree = "<group>"; };
		658BF75E23B47F16009C387C /* SceneDelegate.swift */ = {isa = PBXFileReference; lastKnownFileType = sourcecode.swift; path = SceneDelegate.swift; sourceTree = "<group>"; };
		658BF76523B47F17009C387C /* Assets.xcassets */ = {isa = PBXFileReference; lastKnownFileType = folder.assetcatalog; path = Assets.xcassets; sourceTree = "<group>"; };
		658BF76A23B47F17009C387C /* Info.plist */ = {isa = PBXFileReference; lastKnownFileType = text.plist.xml; path = Info.plist; sourceTree = "<group>"; };
		658BF77223B47F7B009C387C /* Base */ = {isa = PBXFileReference; lastKnownFileType = file.storyboard; name = Base; path = Base.lproj/LaunchScreen.storyboard; sourceTree = "<group>"; };
		658BF77423B47F7B009C387C /* Base */ = {isa = PBXFileReference; lastKnownFileType = file.storyboard; name = Base; path = Base.lproj/Main.storyboard; sourceTree = "<group>"; };
		658BF77C23B47FD2009C387C /* ListDataTableViewCell.swift */ = {isa = PBXFileReference; lastKnownFileType = sourcecode.swift; path = ListDataTableViewCell.swift; sourceTree = "<group>"; };
		658BF77D23B47FD2009C387C /* ListDataTableViewCell.xib */ = {isa = PBXFileReference; lastKnownFileType = file.xib; path = ListDataTableViewCell.xib; sourceTree = "<group>"; };
		658BF78123B4801D009C387C /* APIRouter.swift */ = {isa = PBXFileReference; lastKnownFileType = sourcecode.swift; path = APIRouter.swift; sourceTree = "<group>"; };
		658BF78323B48028009C387C /* APIManager.swift */ = {isa = PBXFileReference; lastKnownFileType = sourcecode.swift; path = APIManager.swift; sourceTree = "<group>"; };
		658BF78723B481C7009C387C /* ListViewController.swift */ = {isa = PBXFileReference; lastKnownFileType = sourcecode.swift; path = ListViewController.swift; sourceTree = "<group>"; };
		658BF78923B482AB009C387C /* List.swift */ = {isa = PBXFileReference; lastKnownFileType = sourcecode.swift; path = List.swift; sourceTree = "<group>"; };
		6BFCD4CA58E97EAF7EB33BD9 /* Pods-Demo_List.debug.xcconfig */ = {isa = PBXFileReference; includeInIndex = 1; lastKnownFileType = text.xcconfig; name = "Pods-Demo_List.debug.xcconfig"; path = "Target Support Files/Pods-Demo_List/Pods-Demo_List.debug.xcconfig"; sourceTree = "<group>"; };
/* End PBXFileReference section */

/* Begin PBXFrameworksBuildPhase section */
		658BF75623B47F16009C387C /* Frameworks */ = {
			isa = PBXFrameworksBuildPhase;
			buildActionMask = 2147483647;
			files = (
				D7FE7B9B1E83EE1FC0F69340 /* Pods_Demo_List.framework in Frameworks */,
			);
			runOnlyForDeploymentPostprocessing = 0;
		};
/* End PBXFrameworksBuildPhase section */

/* Begin PBXGroup section */
		6566761823B493290004FC4B /* Extensions */ = {
			isa = PBXGroup;
			children = (
				652600F823B4C0C900CF0DF0 /* String.swift */,
				6566761D23B49D200004FC4B /* UIViewController.swift */,
			);
			path = Extensions;
			sourceTree = "<group>";
		};
		658BF75023B47F16009C387C = {
			isa = PBXGroup;
			children = (
				658BF75B23B47F16009C387C /* Demo_List */,
				658BF75A23B47F16009C387C /* Products */,
				983F229AD5E2986954839B66 /* Pods */,
				72951EAEFA9DDEF14ED6E572 /* Frameworks */,
			);
			sourceTree = "<group>";
		};
		658BF75A23B47F16009C387C /* Products */ = {
			isa = PBXGroup;
			children = (
				658BF75923B47F16009C387C /* Demo_List.app */,
			);
			name = Products;
			sourceTree = "<group>";
		};
		658BF75B23B47F16009C387C /* Demo_List */ = {
			isa = PBXGroup;
			children = (
				658BF75C23B47F16009C387C /* AppDelegate.swift */,
				6566761223B486F80004FC4B /* Constants.swift */,
				6566761823B493290004FC4B /* Extensions */,
				658BF78023B4800B009C387C /* Networking */,
				658BF77B23B47FA7009C387C /* TableViewCells */,
				658BF77623B47F7B009C387C /* Controller */,
				658BF77523B47F7B009C387C /* Model */,
				658BF77023B47F7B009C387C /* View */,
				658BF75E23B47F16009C387C /* SceneDelegate.swift */,
				658BF76523B47F17009C387C /* Assets.xcassets */,
				658BF76A23B47F17009C387C /* Info.plist */,
			);
			path = Demo_List;
			sourceTree = "<group>";
		};
		658BF77023B47F7B009C387C /* View */ = {
			isa = PBXGroup;
			children = (
				658BF77123B47F7B009C387C /* LaunchScreen.storyboard */,
				658BF77323B47F7B009C387C /* Main.storyboard */,
			);
			path = View;
			sourceTree = "<group>";
		};
		658BF77523B47F7B009C387C /* Model */ = {
			isa = PBXGroup;
			children = (
				658BF78923B482AB009C387C /* List.swift */,
			);
			path = Model;
			sourceTree = "<group>";
		};
		658BF77623B47F7B009C387C /* Controller */ = {
			isa = PBXGroup;
			children = (
				658BF78723B481C7009C387C /* ListViewController.swift */,
			);
			path = Controller;
			sourceTree = "<group>";
		};
		658BF77B23B47FA7009C387C /* TableViewCells */ = {
			isa = PBXGroup;
			children = (
				658BF77C23B47FD2009C387C /* ListDataTableViewCell.swift */,
				658BF77D23B47FD2009C387C /* ListDataTableViewCell.xib */,
			);
			path = TableViewCells;
			sourceTree = "<group>";
		};
		658BF78023B4800B009C387C /* Networking */ = {
			isa = PBXGroup;
			children = (
				658BF78123B4801D009C387C /* APIRouter.swift */,
				6566761423B488920004FC4B /* BaseResponse.swift */,
				6566761623B489590004FC4B /* APICallError.swift */,
				658BF78323B48028009C387C /* APIManager.swift */,
			);
			path = Networking;
			sourceTree = "<group>";
		};
		72951EAEFA9DDEF14ED6E572 /* Frameworks */ = {
			isa = PBXGroup;
			children = (
				5A5B7ADBE124B9710FE3CA5B /* Pods_Demo_List.framework */,
			);
			name = Frameworks;
			sourceTree = "<group>";
		};
		983F229AD5E2986954839B66 /* Pods */ = {
			isa = PBXGroup;
			children = (
				6BFCD4CA58E97EAF7EB33BD9 /* Pods-Demo_List.debug.xcconfig */,
				4971C29FBE32C1AD46E078A4 /* Pods-Demo_List.release.xcconfig */,
			);
			path = Pods;
			sourceTree = "<group>";
		};
/* End PBXGroup section */

/* Begin PBXNativeTarget section */
		658BF75823B47F16009C387C /* Demo_List */ = {
			isa = PBXNativeTarget;
			buildConfigurationList = 658BF76D23B47F17009C387C /* Build configuration list for PBXNativeTarget "Demo_List" */;
			buildPhases = (
				F135534383E3F4A41D2787CA /* [CP] Check Pods Manifest.lock */,
				658BF75523B47F16009C387C /* Sources */,
				658BF75623B47F16009C387C /* Frameworks */,
				658BF75723B47F16009C387C /* Resources */,
				9822DC00E801363AA9AEE0E5 /* [CP] Embed Pods Frameworks */,
			);
			buildRules = (
			);
			dependencies = (
			);
			name = Demo_List;
			productName = Demo_List;
			productReference = 658BF75923B47F16009C387C /* Demo_List.app */;
			productType = "com.apple.product-type.application";
		};
/* End PBXNativeTarget section */

/* Begin PBXProject section */
		658BF75123B47F16009C387C /* Project object */ = {
			isa = PBXProject;
			attributes = {
				LastSwiftUpdateCheck = 1120;
				LastUpgradeCheck = 1120;
				ORGANIZATIONNAME = PCQ186;
				TargetAttributes = {
					658BF75823B47F16009C387C = {
						CreatedOnToolsVersion = 11.2.1;
					};
				};
			};
			buildConfigurationList = 658BF75423B47F16009C387C /* Build configuration list for PBXProject "Demo_List" */;
			compatibilityVersion = "Xcode 9.3";
			developmentRegion = en;
			hasScannedForEncodings = 0;
			knownRegions = (
				en,
				Base,
			);
			mainGroup = 658BF75023B47F16009C387C;
			productRefGroup = 658BF75A23B47F16009C387C /* Products */;
			projectDirPath = "";
			projectRoot = "";
			targets = (
				658BF75823B47F16009C387C /* Demo_List */,
			);
		};
/* End PBXProject section */

/* Begin PBXResourcesBuildPhase section */
		658BF75723B47F16009C387C /* Resources */ = {
			isa = PBXResourcesBuildPhase;
			buildActionMask = 2147483647;
			files = (
				658BF77923B47F7B009C387C /* Main.storyboard in Resources */,
				658BF76623B47F17009C387C /* Assets.xcassets in Resources */,
				658BF77823B47F7B009C387C /* LaunchScreen.storyboard in Resources */,
				658BF77F23B47FD2009C387C /* ListDataTableViewCell.xib in Resources */,
			);
			runOnlyForDeploymentPostprocessing = 0;
		};
/* End PBXResourcesBuildPhase section */

/* Begin PBXShellScriptBuildPhase section */
		9822DC00E801363AA9AEE0E5 /* [CP] Embed Pods Frameworks */ = {
			isa = PBXShellScriptBuildPhase;
			buildActionMask = 2147483647;
			files = (
			);
			inputFileListPaths = (
				"${PODS_ROOT}/Target Support Files/Pods-Demo_List/Pods-Demo_List-frameworks-${CONFIGURATION}-input-files.xcfilelist",
			);
			name = "[CP] Embed Pods Frameworks";
			outputFileListPaths = (
				"${PODS_ROOT}/Target Support Files/Pods-Demo_List/Pods-Demo_List-frameworks-${CONFIGURATION}-output-files.xcfilelist",
			);
			runOnlyForDeploymentPostprocessing = 0;
			shellPath = /bin/sh;
			shellScript = "\"${PODS_ROOT}/Target Support Files/Pods-Demo_List/Pods-Demo_List-frameworks.sh\"\n";
			showEnvVarsInLog = 0;
		};
		F135534383E3F4A41D2787CA /* [CP] Check Pods Manifest.lock */ = {
			isa = PBXShellScriptBuildPhase;
			buildActionMask = 2147483647;
			files = (
			);
			inputFileListPaths = (
			);
			inputPaths = (
				"${PODS_PODFILE_DIR_PATH}/Podfile.lock",
				"${PODS_ROOT}/Manifest.lock",
			);
			name = "[CP] Check Pods Manifest.lock";
			outputFileListPaths = (
			);
			outputPaths = (
				"$(DERIVED_FILE_DIR)/Pods-Demo_List-checkManifestLockResult.txt",
			);
			runOnlyForDeploymentPostprocessing = 0;
			shellPath = /bin/sh;
			shellScript = "diff \"${PODS_PODFILE_DIR_PATH}/Podfile.lock\" \"${PODS_ROOT}/Manifest.lock\" > /dev/null\nif [ $? != 0 ] ; then\n    # print error to STDERR\n    echo \"error: The sandbox is not in sync with the Podfile.lock. Run 'pod install' or update your CocoaPods installation.\" >&2\n    exit 1\nfi\n# This output is used by Xcode 'outputs' to avoid re-running this script phase.\necho \"SUCCESS\" > \"${SCRIPT_OUTPUT_FILE_0}\"\n";
			showEnvVarsInLog = 0;
		};
/* End PBXShellScriptBuildPhase section */

/* Begin PBXSourcesBuildPhase section */
		658BF75523B47F16009C387C /* Sources */ = {
			isa = PBXSourcesBuildPhase;
			buildActionMask = 2147483647;
			files = (
				6566761523B488920004FC4B /* BaseResponse.swift in Sources */,
				652600F923B4C0C900CF0DF0 /* String.swift in Sources */,
				6566761723B489590004FC4B /* APICallError.swift in Sources */,
				6566761E23B49D200004FC4B /* UIViewController.swift in Sources */,
				658BF78423B48028009C387C /* APIManager.swift in Sources */,
				658BF78223B4801D009C387C /* APIRouter.swift in Sources */,
				658BF78A23B482AB009C387C /* List.swift in Sources */,
				658BF78823B481C7009C387C /* ListViewController.swift in Sources */,
				658BF75D23B47F16009C387C /* AppDelegate.swift in Sources */,
				658BF75F23B47F16009C387C /* SceneDelegate.swift in Sources */,
				658BF77E23B47FD2009C387C /* ListDataTableViewCell.swift in Sources */,
				6566761323B486F80004FC4B /* Constants.swift in Sources */,
			);
			runOnlyForDeploymentPostprocessing = 0;
		};
/* End PBXSourcesBuildPhase section */

/* Begin PBXVariantGroup section */
		658BF77123B47F7B009C387C /* LaunchScreen.storyboard */ = {
			isa = PBXVariantGroup;
			children = (
				658BF77223B47F7B009C387C /* Base */,
			);
			name = LaunchScreen.storyboard;
			sourceTree = "<group>";
		};
		658BF77323B47F7B009C387C /* Main.storyboard */ = {
			isa = PBXVariantGroup;
			children = (
				658BF77423B47F7B009C387C /* Base */,
			);
			name = Main.storyboard;
			sourceTree = "<group>";
		};
/* End PBXVariantGroup section */

/* Begin XCBuildConfiguration section */
		658BF76B23B47F17009C387C /* Debug */ = {
			isa = XCBuildConfiguration;
			buildSettings = {
				ALWAYS_SEARCH_USER_PATHS = NO;
				CLANG_ANALYZER_NONNULL = YES;
				CLANG_ANALYZER_NUMBER_OBJECT_CONVERSION = YES_AGGRESSIVE;
				CLANG_CXX_LANGUAGE_STANDARD = "gnu++14";
				CLANG_CXX_LIBRARY = "libc++";
				CLANG_ENABLE_MODULES = YES;
				CLANG_ENABLE_OBJC_ARC = YES;
				CLANG_ENABLE_OBJC_WEAK = YES;
				CLANG_WARN_BLOCK_CAPTURE_AUTORELEASING = YES;
				CLANG_WARN_BOOL_CONVERSION = YES;
				CLANG_WARN_COMMA = YES;
				CLANG_WARN_CONSTANT_CONVERSION = YES;
				CLANG_WARN_DEPRECATED_OBJC_IMPLEMENTATIONS = YES;
				CLANG_WARN_DIRECT_OBJC_ISA_USAGE = YES_ERROR;
				CLANG_WARN_DOCUMENTATION_COMMENTS = YES;
				CLANG_WARN_EMPTY_BODY = YES;
				CLANG_WARN_ENUM_CONVERSION = YES;
				CLANG_WARN_INFINITE_RECURSION = YES;
				CLANG_WARN_INT_CONVERSION = YES;
				CLANG_WARN_NON_LITERAL_NULL_CONVERSION = YES;
				CLANG_WARN_OBJC_IMPLICIT_RETAIN_SELF = YES;
				CLANG_WARN_OBJC_LITERAL_CONVERSION = YES;
				CLANG_WARN_OBJC_ROOT_CLASS = YES_ERROR;
				CLANG_WARN_RANGE_LOOP_ANALYSIS = YES;
				CLANG_WARN_STRICT_PROTOTYPES = YES;
				CLANG_WARN_SUSPICIOUS_MOVE = YES;
				CLANG_WARN_UNGUARDED_AVAILABILITY = YES_AGGRESSIVE;
				CLANG_WARN_UNREACHABLE_CODE = YES;
				CLANG_WARN__DUPLICATE_METHOD_MATCH = YES;
				COPY_PHASE_STRIP = NO;
				DEBUG_INFORMATION_FORMAT = dwarf;
				ENABLE_STRICT_OBJC_MSGSEND = YES;
				ENABLE_TESTABILITY = YES;
				GCC_C_LANGUAGE_STANDARD = gnu11;
				GCC_DYNAMIC_NO_PIC = NO;
				GCC_NO_COMMON_BLOCKS = YES;
				GCC_OPTIMIZATION_LEVEL = 0;
				GCC_PREPROCESSOR_DEFINITIONS = (
					"DEBUG=1",
					"$(inherited)",
				);
				GCC_WARN_64_TO_32_BIT_CONVERSION = YES;
				GCC_WARN_ABOUT_RETURN_TYPE = YES_ERROR;
				GCC_WARN_UNDECLARED_SELECTOR = YES;
				GCC_WARN_UNINITIALIZED_AUTOS = YES_AGGRESSIVE;
				GCC_WARN_UNUSED_FUNCTION = YES;
				GCC_WARN_UNUSED_VARIABLE = YES;
				IPHONEOS_DEPLOYMENT_TARGET = 13.2;
				MTL_ENABLE_DEBUG_INFO = INCLUDE_SOURCE;
				MTL_FAST_MATH = YES;
				ONLY_ACTIVE_ARCH = YES;
				SDKROOT = iphoneos;
				SWIFT_ACTIVE_COMPILATION_CONDITIONS = DEBUG;
				SWIFT_OPTIMIZATION_LEVEL = "-Onone";
			};
			name = Debug;
		};
		658BF76C23B47F17009C387C /* Release */ = {
			isa = XCBuildConfiguration;
			buildSettings = {
				ALWAYS_SEARCH_USER_PATHS = NO;
				CLANG_ANALYZER_NONNULL = YES;
				CLANG_ANALYZER_NUMBER_OBJECT_CONVERSION = YES_AGGRESSIVE;
				CLANG_CXX_LANGUAGE_STANDARD = "gnu++14";
				CLANG_CXX_LIBRARY = "libc++";
				CLANG_ENABLE_MODULES = YES;
				CLANG_ENABLE_OBJC_ARC = YES;
				CLANG_ENABLE_OBJC_WEAK = YES;
				CLANG_WARN_BLOCK_CAPTURE_AUTORELEASING = YES;
				CLANG_WARN_BOOL_CONVERSION = YES;
				CLANG_WARN_COMMA = YES;
				CLANG_WARN_CONSTANT_CONVERSION = YES;
				CLANG_WARN_DEPRECATED_OBJC_IMPLEMENTATIONS = YES;
				CLANG_WARN_DIRECT_OBJC_ISA_USAGE = YES_ERROR;
				CLANG_WARN_DOCUMENTATION_COMMENTS = YES;
				CLANG_WARN_EMPTY_BODY = YES;
				CLANG_WARN_ENUM_CONVERSION = YES;
				CLANG_WARN_INFINITE_RECURSION = YES;
				CLANG_WARN_INT_CONVERSION = YES;
				CLANG_WARN_NON_LITERAL_NULL_CONVERSION = YES;
				CLANG_WARN_OBJC_IMPLICIT_RETAIN_SELF = YES;
				CLANG_WARN_OBJC_LITERAL_CONVERSION = YES;
				CLANG_WARN_OBJC_ROOT_CLASS = YES_ERROR;
				CLANG_WARN_RANGE_LOOP_ANALYSIS = YES;
				CLANG_WARN_STRICT_PROTOTYPES = YES;
				CLANG_WARN_SUSPICIOUS_MOVE = YES;
				CLANG_WARN_UNGUARDED_AVAILABILITY = YES_AGGRESSIVE;
				CLANG_WARN_UNREACHABLE_CODE = YES;
				CLANG_WARN__DUPLICATE_METHOD_MATCH = YES;
				COPY_PHASE_STRIP = NO;
				DEBUG_INFORMATION_FORMAT = "dwarf-with-dsym";
				ENABLE_NS_ASSERTIONS = NO;
				ENABLE_STRICT_OBJC_MSGSEND = YES;
				GCC_C_LANGUAGE_STANDARD = gnu11;
				GCC_NO_COMMON_BLOCKS = YES;
				GCC_WARN_64_TO_32_BIT_CONVERSION = YES;
				GCC_WARN_ABOUT_RETURN_TYPE = YES_ERROR;
				GCC_WARN_UNDECLARED_SELECTOR = YES;
				GCC_WARN_UNINITIALIZED_AUTOS = YES_AGGRESSIVE;
				GCC_WARN_UNUSED_FUNCTION = YES;
				GCC_WARN_UNUSED_VARIABLE = YES;
				IPHONEOS_DEPLOYMENT_TARGET = 13.2;
				MTL_ENABLE_DEBUG_INFO = NO;
				MTL_FAST_MATH = YES;
				SDKROOT = iphoneos;
				SWIFT_COMPILATION_MODE = wholemodule;
				SWIFT_OPTIMIZATION_LEVEL = "-O";
				VALIDATE_PRODUCT = YES;
			};
			name = Release;
		};
		658BF76E23B47F17009C387C /* Debug */ = {
			isa = XCBuildConfiguration;
			baseConfigurationReference = 6BFCD4CA58E97EAF7EB33BD9 /* Pods-Demo_List.debug.xcconfig */;
			buildSettings = {
				ASSETCATALOG_COMPILER_APPICON_NAME = AppIcon;
				CODE_SIGN_STYLE = Automatic;
				INFOPLIST_FILE = Demo_List/Info.plist;
				LD_RUNPATH_SEARCH_PATHS = (
					"$(inherited)",
					"@executable_path/Frameworks",
				);
				PRODUCT_BUNDLE_IDENTIFIER = "abc.Demo-List";
				PRODUCT_NAME = "$(TARGET_NAME)";
				SWIFT_VERSION = 5.0;
				TARGETED_DEVICE_FAMILY = "1,2";
			};
			name = Debug;
		};
		658BF76F23B47F17009C387C /* Release */ = {
			isa = XCBuildConfiguration;
			baseConfigurationReference = 4971C29FBE32C1AD46E078A4 /* Pods-Demo_List.release.xcconfig */;
			buildSettings = {
				ASSETCATALOG_COMPILER_APPICON_NAME = AppIcon;
				CODE_SIGN_STYLE = Automatic;
				INFOPLIST_FILE = Demo_List/Info.plist;
				LD_RUNPATH_SEARCH_PATHS = (
					"$(inherited)",
					"@executable_path/Frameworks",
				);
				PRODUCT_BUNDLE_IDENTIFIER = "abc.Demo-List";
				PRODUCT_NAME = "$(TARGET_NAME)";
				SWIFT_VERSION = 5.0;
				TARGETED_DEVICE_FAMILY = "1,2";
			};
			name = Release;
		};
/* End XCBuildConfiguration section */

/* Begin XCConfigurationList section */
		658BF75423B47F16009C387C /* Build configuration list for PBXProject "Demo_List" */ = {
			isa = XCConfigurationList;
			buildConfigurations = (
				658BF76B23B47F17009C387C /* Debug */,
				658BF76C23B47F17009C387C /* Release */,
			);
			defaultConfigurationIsVisible = 0;
			defaultConfigurationName = Release;
		};
		658BF76D23B47F17009C387C /* Build configuration list for PBXNativeTarget "Demo_List" */ = {
			isa = XCConfigurationList;
			buildConfigurations = (
				658BF76E23B47F17009C387C /* Debug */,
				658BF76F23B47F17009C387C /* Release */,
			);
			defaultConfigurationIsVisible = 0;
			defaultConfigurationName = Release;
		};
/* End XCConfigurationList section */
	};
	rootObject = 658BF75123B47F16009C387C /* Project object */;
}
