PODS:
  - Alamofire (4.9.1)
  - MBProgressHUD (1.1.0)

DEPENDENCIES:
  - Alamofire
  - MBProgressHUD

SPEC REPOS:
  trunk:
    - Alamofire
    - MBProgressHUD

SPEC CHECKSUMS:
  Alamofire: 85e8a02c69d6020a0d734f6054870d7ecb75cf18
  MBProgressHUD: e7baa36a220447d8aeb12769bf0585582f3866d9

PODFILE CHECKSUM: e86fc272eccc06af5a086c414f6f4c24ac3a4335

COCOAPODS: 1.8.4
